
Microsoft Visual Studio Solution File, Format Version 12.00
# Visual Studio Version 17
VisualStudioVersion = 17.8.34330.188
MinimumVisualStudioVersion = 10.0.40219.1
Project("{FAE04EC0-301F-11D3-BF4B-00C04F79EFBC}") = "Homework 11", "Homework 11\Homework 11.csproj", "{17A57107-53A1-4CD2-94DF-90E38C9AF1C8}"
EndProject
Global
	GlobalSection(SolutionConfigurationPlatforms) = preSolution
		Debug|Any CPU = Debug|Any CPU
		Release|Any CPU = Release|Any CPU
	EndGlobalSection
	GlobalSection(ProjectConfigurationPlatforms) = postSolution
		{17A57107-53A1-4CD2-94DF-90E38C9AF1C8}.Debug|Any CPU.ActiveCfg = Debug|Any CPU
		{17A57107-53A1-4CD2-94DF-90E38C9AF1C8}.Debug|Any CPU.Build.0 = Debug|Any CPU
		{17A57107-53A1-4CD2-94DF-90E38C9AF1C8}.Release|Any CPU.ActiveCfg = Release|Any CPU
		{17A57107-53A1-4CD2-94DF-90E38C9AF1C8}.Release|Any CPU.Build.0 = Release|Any CPU
	EndGlobalSection
	GlobalSection(SolutionProperties) = preSolution
		HideSolutionNode = FALSE
	EndGlobalSection
	GlobalSection(ExtensibilityGlobals) = postSolution
		SolutionGuid = {2EA591B4-67A6-4A14-AF45-2A3E7429219A}
	EndGlobalSection
EndGlobal
